
Microsoft Visual Studio Solution File, Format Version 12.00
# Visual Studio 15
Project("{FAE04EC0-301F-11D3-BF4B-00C04F79EFBC}") = "Assembly-CSharp", "Assembly-CSharp.csproj", "{EB78ADF5-6D6A-7A89-C9F7-6F0B9641C60D}"
EndProject
Project("{FAE04EC0-301F-11D3-BF4B-00C04F79EFBC}") = "Unity.XR.Interaction.Toolkit.Samples.ARStarterAssets", "Unity.XR.Interaction.Toolkit.Samples.ARStarterAssets.csproj", "{CB91E626-61EA-344F-9D9E-246F75FB2D8B}"
EndProject
Project("{FAE04EC0-301F-11D3-BF4B-00C04F79EFBC}") = "Assembly-CSharp-firstpass", "Assembly-CSharp-firstpass.csproj", "{A4749571-168E-BE17-7F69-9CC2A3D2B5B4}"
EndProject
Project("{FAE04EC0-301F-11D3-BF4B-00C04F79EFBC}") = "Assembly-CSharp-Editor", "Assembly-CSharp-Editor.csproj", "{879F4989-EFB3-37D1-35B8-8B2F4819664E}"
EndProject
Project("{FAE04EC0-301F-11D3-BF4B-00C04F79EFBC}") = "Unity.XR.Interaction.Toolkit.Samples.ARStarterAssets.Editor", "Unity.XR.Interaction.Toolkit.Samples.ARStarterAssets.Editor.csproj", "{1D15D008-7278-C148-950E-2D30AA42C23B}"
EndProject
Project("{FAE04EC0-301F-11D3-BF4B-00C04F79EFBC}") = "Unity.XR.Interaction.Toolkit.Samples.StarterAssets", "Unity.XR.Interaction.Toolkit.Samples.StarterAssets.csproj", "{AFFA51AC-50DF-3D0F-EAA6-097C97A5CCC3}"
EndProject
Global
	GlobalSection(SolutionConfigurationPlatforms) = preSolution
		Debug|Any CPU = Debug|Any CPU
		Release|Any CPU = Release|Any CPU
	EndGlobalSection
	GlobalSection(ProjectConfigurationPlatforms) = postSolution
		{EB78ADF5-6D6A-7A89-C9F7-6F0B9641C60D}.Debug|Any CPU.ActiveCfg = Debug|Any CPU
		{EB78ADF5-6D6A-7A89-C9F7-6F0B9641C60D}.Debug|Any CPU.Build.0 = Debug|Any CPU
		{EB78ADF5-6D6A-7A89-C9F7-6F0B9641C60D}.Release|Any CPU.ActiveCfg = Release|Any CPU
		{EB78ADF5-6D6A-7A89-C9F7-6F0B9641C60D}.Release|Any CPU.Build.0 = Release|Any CPU
		{CB91E626-61EA-344F-9D9E-246F75FB2D8B}.Debug|Any CPU.ActiveCfg = Debug|Any CPU
		{CB91E626-61EA-344F-9D9E-246F75FB2D8B}.Debug|Any CPU.Build.0 = Debug|Any CPU
		{CB91E626-61EA-344F-9D9E-246F75FB2D8B}.Release|Any CPU.ActiveCfg = Release|Any CPU
		{CB91E626-61EA-344F-9D9E-246F75FB2D8B}.Release|Any CPU.Build.0 = Release|Any CPU
		{A4749571-168E-BE17-7F69-9CC2A3D2B5B4}.Debug|Any CPU.ActiveCfg = Debug|Any CPU
		{A4749571-168E-BE17-7F69-9CC2A3D2B5B4}.Debug|Any CPU.Build.0 = Debug|Any CPU
		{A4749571-168E-BE17-7F69-9CC2A3D2B5B4}.Release|Any CPU.ActiveCfg = Release|Any CPU
		{A4749571-168E-BE17-7F69-9CC2A3D2B5B4}.Release|Any CPU.Build.0 = Release|Any CPU
		{879F4989-EFB3-37D1-35B8-8B2F4819664E}.Debug|Any CPU.ActiveCfg = Debug|Any CPU
		{879F4989-EFB3-37D1-35B8-8B2F4819664E}.Debug|Any CPU.Build.0 = Debug|Any CPU
		{879F4989-EFB3-37D1-35B8-8B2F4819664E}.Release|Any CPU.ActiveCfg = Release|Any CPU
		{879F4989-EFB3-37D1-35B8-8B2F4819664E}.Release|Any CPU.Build.0 = Release|Any CPU
		{1D15D008-7278-C148-950E-2D30AA42C23B}.Debug|Any CPU.ActiveCfg = Debug|Any CPU
		{1D15D008-7278-C148-950E-2D30AA42C23B}.Debug|Any CPU.Build.0 = Debug|Any CPU
		{1D15D008-7278-C148-950E-2D30AA42C23B}.Release|Any CPU.ActiveCfg = Release|Any CPU
		{1D15D008-7278-C148-950E-2D30AA42C23B}.Release|Any CPU.Build.0 = Release|Any CPU
		{AFFA51AC-50DF-3D0F-EAA6-097C97A5CCC3}.Debug|Any CPU.ActiveCfg = Debug|Any CPU
		{AFFA51AC-50DF-3D0F-EAA6-097C97A5CCC3}.Debug|Any CPU.Build.0 = Debug|Any CPU
		{AFFA51AC-50DF-3D0F-EAA6-097C97A5CCC3}.Release|Any CPU.ActiveCfg = Release|Any CPU
		{AFFA51AC-50DF-3D0F-EAA6-097C97A5CCC3}.Release|Any CPU.Build.0 = Release|Any CPU
	EndGlobalSection
	GlobalSection(SolutionProperties) = preSolution
		HideSolutionNode = FALSE
	EndGlobalSection
EndGlobal
